// !$*UTF8*$!
{
	archiveVersion = 1;
	classes = {
	};
	objectVersion = 77;
	objects = {

/* Begin PBXBuildFile section */
		61701A5D2E350B63004A411A /* RevenueCat in Frameworks */ = {isa = PBXBuildFile; productRef = 61701A5C2E350B63004A411A /* RevenueCat */; };
		61739BB92E10F4790002A651 /* ComposableArchitecture in Frameworks */ = {isa = PBXBuildFile; productRef = 61739BB82E10F4790002A651 /* ComposableArchitecture */; };
		61739BBC2E10F5BB0002A651 /* FirebaseAnalytics in Frameworks */ = {isa = PBXBuildFile; productRef = 61739BBB2E10F5BB0002A651 /* FirebaseAnalytics */; };
		618E59D62E24008C00219804 /* GoogleMobileAds in Frameworks */ = {isa = PBXBuildFile; productRef = 618E59D52E24008C00219804 /* GoogleMobileAds */; };
		61E139BC2E4897B1007A5AD0 /* StoreKit.framework in Frameworks */ = {isa = PBXBuildFile; fileRef = 61E139BB2E4897B1007A5AD0 /* StoreKit.framework */; };
/* End PBXBuildFile section */

/* Begin PBXContainerItemProxy section */
		615824092E5DFB770065B8BE /* PBXContainerItemProxy */ = {
			isa = PBXContainerItemProxy;
			containerPortal = 61739A222E10D7B30002A651 /* Project object */;
			proxyType = 1;
			remoteGlobalIDString = 61739A292E10D7B30002A651;
			remoteInfo = TaskSteps;
		};
		61739A382E10D7B50002A651 /* PBXContainerItemProxy */ = {
			isa = PBXContainerItemProxy;
			containerPortal = 61739A222E10D7B30002A651 /* Project object */;
			proxyType = 1;
			remoteGlobalIDString = 61739A292E10D7B30002A651;
			remoteInfo = stepbystep;
		};
/* End PBXContainerItemProxy section */

/* Begin PBXFileReference section */
		615824032E5DFB770065B8BE /* TaskStepsUITests.xctest */ = {isa = PBXFileReference; explicitFileType = wrapper.cfbundle; includeInIndex = 0; path = TaskStepsUITests.xctest; sourceTree = BUILT_PRODUCTS_DIR; };
		61739A2A2E10D7B30002A651 /* TaskSteps.app */ = {isa = PBXFileReference; explicitFileType = wrapper.application; includeInIndex = 0; path = TaskSteps.app; sourceTree = BUILT_PRODUCTS_DIR; };
		61739A372E10D7B50002A651 /* TaskStepsTests.xctest */ = {isa = PBXFileReference; explicitFileType = wrapper.cfbundle; includeInIndex = 0; path = TaskStepsTests.xctest; sourceTree = BUILT_PRODUCTS_DIR; };
		61E139BB2E4897B1007A5AD0 /* StoreKit.framework */ = {isa = PBXFileReference; lastKnownFileType = wrapper.framework; name = StoreKit.framework; path = System/Library/Frameworks/StoreKit.framework; sourceTree = SDKROOT; };
/* End PBXFileReference section */

/* Begin PBXFileSystemSynchronizedRootGroup section */
		615824042E5DFB770065B8BE /* TaskStepsUITests */ = {
			isa = PBXFileSystemSynchronizedRootGroup;
			path = TaskStepsUITests;
			sourceTree = "<group>";
		};
		61739B272E10EB8A0002A651 /* stepTask */ = {
			isa = PBXFileSystemSynchronizedRootGroup;
			path = stepTask;
			sourceTree = "<group>";
		};
		61739B2C2E10EB8E0002A651 /* stepTaskTests */ = {
			isa = PBXFileSystemSynchronizedRootGroup;
			path = stepTaskTests;
			sourceTree = "<group>";
		};
/* End PBXFileSystemSynchronizedRootGroup section */

/* Begin PBXFrameworksBuildPhase section */
		615824002E5DFB770065B8BE /* Frameworks */ = {
			isa = PBXFrameworksBuildPhase;
			buildActionMask = 2147483647;
			files = (
			);
			runOnlyForDeploymentPostprocessing = 0;
		};
		61739A272E10D7B30002A651 /* Frameworks */ = {
			isa = PBXFrameworksBuildPhase;
			buildActionMask = 2147483647;
			files = (
				61701A5D2E350B63004A411A /* RevenueCat in Frameworks */,
				618E59D62E24008C00219804 /* GoogleMobileAds in Frameworks */,
				61E139BC2E4897B1007A5AD0 /* StoreKit.framework in Frameworks */,
				61739BBC2E10F5BB0002A651 /* FirebaseAnalytics in Frameworks */,
				61739BB92E10F4790002A651 /* ComposableArchitecture in Frameworks */,
			);
			runOnlyForDeploymentPostprocessing = 0;
		};
		61739A342E10D7B50002A651 /* Frameworks */ = {
			isa = PBXFrameworksBuildPhase;
			buildActionMask = 2147483647;
			files = (
			);
			runOnlyForDeploymentPostprocessing = 0;
		};
/* End PBXFrameworksBuildPhase section */

/* Begin PBXGroup section */
		61739A212E10D7B30002A651 = {
			isa = PBXGroup;
			children = (
				61739B272E10EB8A0002A651 /* stepTask */,
				61739B2C2E10EB8E0002A651 /* stepTaskTests */,
				615824042E5DFB770065B8BE /* TaskStepsUITests */,
				61E139BA2E4897B1007A5AD0 /* Frameworks */,
				61739A2B2E10D7B30002A651 /* Products */,
			);
			sourceTree = "<group>";
		};
		61739A2B2E10D7B30002A651 /* Products */ = {
			isa = PBXGroup;
			children = (
				61739A2A2E10D7B30002A651 /* TaskSteps.app */,
				61739A372E10D7B50002A651 /* TaskStepsTests.xctest */,
				615824032E5DFB770065B8BE /* TaskStepsUITests.xctest */,
			);
			name = Products;
			sourceTree = "<group>";
		};
		61E139BA2E4897B1007A5AD0 /* Frameworks */ = {
			isa = PBXGroup;
			children = (
				61E139BB2E4897B1007A5AD0 /* StoreKit.framework */,
			);
			name = Frameworks;
			sourceTree = "<group>";
		};
/* End PBXGroup section */

/* Begin PBXNativeTarget section */
		615824022E5DFB770065B8BE /* TaskStepsUITests */ = {
			isa = PBXNativeTarget;
			buildConfigurationList = 6158240B2E5DFB770065B8BE /* Build configuration list for PBXNativeTarget "TaskStepsUITests" */;
			buildPhases = (
				615823FF2E5DFB770065B8BE /* Sources */,
				615824002E5DFB770065B8BE /* Frameworks */,
				615824012E5DFB770065B8BE /* Resources */,
			);
			buildRules = (
			);
			dependencies = (
				6158240A2E5DFB770065B8BE /* PBXTargetDependency */,
			);
			fileSystemSynchronizedGroups = (
				615824042E5DFB770065B8BE /* TaskStepsUITests */,
			);
			name = TaskStepsUITests;
			packageProductDependencies = (
			);
			productName = TaskStepsUITests;
			productReference = 615824032E5DFB770065B8BE /* TaskStepsUITests.xctest */;
			productType = "com.apple.product-type.bundle.ui-testing";
		};
		61739A292E10D7B30002A651 /* TaskSteps */ = {
			isa = PBXNativeTarget;
			buildConfigurationList = 61739A4B2E10D7B50002A651 /* Build configuration list for PBXNativeTarget "TaskSteps" */;
			buildPhases = (
				61739A262E10D7B30002A651 /* Sources */,
				61739A272E10D7B30002A651 /* Frameworks */,
				61739A282E10D7B30002A651 /* Resources */,
			);
			buildRules = (
			);
			dependencies = (
			);
			fileSystemSynchronizedGroups = (
				61739B272E10EB8A0002A651 /* stepTask */,
			);
			name = TaskSteps;
			packageProductDependencies = (
				61739BB82E10F4790002A651 /* ComposableArchitecture */,
				61739BBB2E10F5BB0002A651 /* FirebaseAnalytics */,
				618E59D52E24008C00219804 /* GoogleMobileAds */,
				61701A5C2E350B63004A411A /* RevenueCat */,
			);
			productName = stepbystep;
			productReference = 61739A2A2E10D7B30002A651 /* TaskSteps.app */;
			productType = "com.apple.product-type.application";
		};
		61739A362E10D7B50002A651 /* TaskStepsTests */ = {
			isa = PBXNativeTarget;
			buildConfigurationList = 61739A4E2E10D7B50002A651 /* Build configuration list for PBXNativeTarget "TaskStepsTests" */;
			buildPhases = (
				61739A332E10D7B50002A651 /* Sources */,
				61739A342E10D7B50002A651 /* Frameworks */,
				61739A352E10D7B50002A651 /* Resources */,
			);
			buildRules = (
			);
			dependencies = (
				61739A392E10D7B50002A651 /* PBXTargetDependency */,
			);
			fileSystemSynchronizedGroups = (
				61739B2C2E10EB8E0002A651 /* stepTaskTests */,
			);
			name = TaskStepsTests;
			packageProductDependencies = (
			);
			productName = stepbystepTests;
			productReference = 61739A372E10D7B50002A651 /* TaskStepsTests.xctest */;
			productType = "com.apple.product-type.bundle.unit-test";
		};
/* End PBXNativeTarget section */

/* Begin PBXProject section */
		61739A222E10D7B30002A651 /* Project object */ = {
			isa = PBXProject;
			attributes = {
				BuildIndependentTargetsInParallel = 1;
				LastSwiftUpdateCheck = 1630;
				LastUpgradeCheck = 1630;
				TargetAttributes = {
					615824022E5DFB770065B8BE = {
						CreatedOnToolsVersion = 16.3;
						TestTargetID = 61739A292E10D7B30002A651;
					};
					61739A292E10D7B30002A651 = {
						CreatedOnToolsVersion = 16.3;
					};
					61739A362E10D7B50002A651 = {
						CreatedOnToolsVersion = 16.3;
						TestTargetID = 61739A292E10D7B30002A651;
					};
				};
			};
			buildConfigurationList = 61739A252E10D7B30002A651 /* Build configuration list for PBXProject "TaskSteps" */;
			developmentRegion = en;
			hasScannedForEncodings = 0;
			knownRegions = (
				en,
				ja,
				Base,
			);
			mainGroup = 61739A212E10D7B30002A651;
			minimizedProjectReferenceProxies = 1;
			packageReferences = (
				61739BB72E10F4790002A651 /* XCRemoteSwiftPackageReference "swift-composable-architecture" */,
				61739BBA2E10F5BB0002A651 /* XCRemoteSwiftPackageReference "firebase-ios-sdk" */,
				618E59D42E24008C00219804 /* XCRemoteSwiftPackageReference "swift-package-manager-google-mobile-ads" */,
				61701A5B2E350B63004A411A /* XCRemoteSwiftPackageReference "purchases-ios" */,
			);
			preferredProjectObjectVersion = 77;
			productRefGroup = 61739A2B2E10D7B30002A651 /* Products */;
			projectDirPath = "";
			projectRoot = "";
			targets = (
				61739A292E10D7B30002A651 /* TaskSteps */,
				61739A362E10D7B50002A651 /* TaskStepsTests */,
				615824022E5DFB770065B8BE /* TaskStepsUITests */,
			);
		};
/* End PBXProject section */

/* Begin PBXResourcesBuildPhase section */
		615824012E5DFB770065B8BE /* Resources */ = {
			isa = PBXResourcesBuildPhase;
			buildActionMask = 2147483647;
			files = (
			);
			runOnlyForDeploymentPostprocessing = 0;
		};
		61739A282E10D7B30002A651 /* Resources */ = {
			isa = PBXResourcesBuildPhase;
			buildActionMask = 2147483647;
			files = (
			);
			runOnlyForDeploymentPostprocessing = 0;
		};
		61739A352E10D7B50002A651 /* Resources */ = {
			isa = PBXResourcesBuildPhase;
			buildActionMask = 2147483647;
			files = (
			);
			runOnlyForDeploymentPostprocessing = 0;
		};
/* End PBXResourcesBuildPhase section */

/* Begin PBXSourcesBuildPhase section */
		615823FF2E5DFB770065B8BE /* Sources */ = {
			isa = PBXSourcesBuildPhase;
			buildActionMask = 2147483647;
			files = (
			);
			runOnlyForDeploymentPostprocessing = 0;
		};
		61739A262E10D7B30002A651 /* Sources */ = {
			isa = PBXSourcesBuildPhase;
			buildActionMask = 2147483647;
			files = (
			);
			runOnlyForDeploymentPostprocessing = 0;
		};
		61739A332E10D7B50002A651 /* Sources */ = {
			isa = PBXSourcesBuildPhase;
			buildActionMask = 2147483647;
			files = (
			);
			runOnlyForDeploymentPostprocessing = 0;
		};
/* End PBXSourcesBuildPhase section */

/* Begin PBXTargetDependency section */
		6158240A2E5DFB770065B8BE /* PBXTargetDependency */ = {
			isa = PBXTargetDependency;
			target = 61739A292E10D7B30002A651 /* TaskSteps */;
			targetProxy = 615824092E5DFB770065B8BE /* PBXContainerItemProxy */;
		};
		61739A392E10D7B50002A651 /* PBXTargetDependency */ = {
			isa = PBXTargetDependency;
			target = 61739A292E10D7B30002A651 /* TaskSteps */;
			targetProxy = 61739A382E10D7B50002A651 /* PBXContainerItemProxy */;
		};
/* End PBXTargetDependency section */

/* Begin XCBuildConfiguration section */
		6158240C2E5DFB770065B8BE /* Debug */ = {
			isa = XCBuildConfiguration;
			buildSettings = {
				CODE_SIGN_STYLE = Automatic;
				CURRENT_PROJECT_VERSION = 1;
				DEVELOPMENT_TEAM = 4YZQY4C47E;
				GENERATE_INFOPLIST_FILE = YES;
				MARKETING_VERSION = 1.0;
				PRODUCT_BUNDLE_IDENTIFIER = com.entaku.TaskStepsUITests;
				PRODUCT_NAME = "$(TARGET_NAME)";
				SWIFT_EMIT_LOC_STRINGS = NO;
				SWIFT_VERSION = 5.0;
				TARGETED_DEVICE_FAMILY = "1,2";
				TEST_TARGET_NAME = TaskSteps;
			};
			name = Debug;
		};
		6158240D2E5DFB770065B8BE /* Release */ = {
			isa = XCBuildConfiguration;
			buildSettings = {
				CODE_SIGN_STYLE = Automatic;
				CURRENT_PROJECT_VERSION = 1;
				DEVELOPMENT_TEAM = 4YZQY4C47E;
				GENERATE_INFOPLIST_FILE = YES;
				MARKETING_VERSION = 1.0;
				PRODUCT_BUNDLE_IDENTIFIER = com.entaku.TaskStepsUITests;
				PRODUCT_NAME = "$(TARGET_NAME)";
				SWIFT_EMIT_LOC_STRINGS = NO;
				SWIFT_VERSION = 5.0;
				TARGETED_DEVICE_FAMILY = "1,2";
				TEST_TARGET_NAME = TaskSteps;
			};
			name = Release;
		};
		61739A492E10D7B50002A651 /* Debug */ = {
			isa = XCBuildConfiguration;
			baseConfigurationReferenceAnchor = 61739B272E10EB8A0002A651 /* stepTask */;
			baseConfigurationReferenceRelativePath = Config/Debug.xcconfig;
			buildSettings = {
				ALWAYS_SEARCH_USER_PATHS = NO;
				ASSETCATALOG_COMPILER_GENERATE_SWIFT_ASSET_SYMBOL_EXTENSIONS = YES;
				CLANG_ANALYZER_NONNULL = YES;
				CLANG_ANALYZER_NUMBER_OBJECT_CONVERSION = YES_AGGRESSIVE;
				CLANG_CXX_LANGUAGE_STANDARD = "gnu++20";
				CLANG_ENABLE_MODULES = YES;
				CLANG_ENABLE_OBJC_ARC = YES;
				CLANG_ENABLE_OBJC_WEAK = YES;
				CLANG_WARN_BLOCK_CAPTURE_AUTORELEASING = YES;
				CLANG_WARN_BOOL_CONVERSION = YES;
				CLANG_WARN_COMMA = YES;
				CLANG_WARN_CONSTANT_CONVERSION = YES;
				CLANG_WARN_DEPRECATED_OBJC_IMPLEMENTATIONS = YES;
				CLANG_WARN_DIRECT_OBJC_ISA_USAGE = YES_ERROR;
				CLANG_WARN_DOCUMENTATION_COMMENTS = YES;
				CLANG_WARN_EMPTY_BODY = YES;
				CLANG_WARN_ENUM_CONVERSION = YES;
				CLANG_WARN_INFINITE_RECURSION = YES;
				CLANG_WARN_INT_CONVERSION = YES;
				CLANG_WARN_NON_LITERAL_NULL_CONVERSION = YES;
				CLANG_WARN_OBJC_IMPLICIT_RETAIN_SELF = YES;
				CLANG_WARN_OBJC_LITERAL_CONVERSION = YES;
				CLANG_WARN_OBJC_ROOT_CLASS = YES_ERROR;
				CLANG_WARN_QUOTED_INCLUDE_IN_FRAMEWORK_HEADER = YES;
				CLANG_WARN_RANGE_LOOP_ANALYSIS = YES;
				CLANG_WARN_STRICT_PROTOTYPES = YES;
				CLANG_WARN_SUSPICIOUS_MOVE = YES;
				CLANG_WARN_UNGUARDED_AVAILABILITY = YES_AGGRESSIVE;
				CLANG_WARN_UNREACHABLE_CODE = YES;
				CLANG_WARN__DUPLICATE_METHOD_MATCH = YES;
				COPY_PHASE_STRIP = NO;
				DEBUG_INFORMATION_FORMAT = dwarf;
				DEVELOPMENT_TEAM = 4YZQY4C47E;
				ENABLE_STRICT_OBJC_MSGSEND = YES;
				ENABLE_TESTABILITY = YES;
				ENABLE_USER_SCRIPT_SANDBOXING = YES;
				GCC_C_LANGUAGE_STANDARD = gnu17;
				GCC_DYNAMIC_NO_PIC = NO;
				GCC_NO_COMMON_BLOCKS = YES;
				GCC_OPTIMIZATION_LEVEL = 0;
				GCC_PREPROCESSOR_DEFINITIONS = (
					"DEBUG=1",
					"$(inherited)",
				);
				GCC_WARN_64_TO_32_BIT_CONVERSION = YES;
				GCC_WARN_ABOUT_RETURN_TYPE = YES_ERROR;
				GCC_WARN_UNDECLARED_SELECTOR = YES;
				GCC_WARN_UNINITIALIZED_AUTOS = YES_AGGRESSIVE;
				GCC_WARN_UNUSED_FUNCTION = YES;
				GCC_WARN_UNUSED_VARIABLE = YES;
				IPHONEOS_DEPLOYMENT_TARGET = 18.4;
				LOCALIZATION_PREFERS_STRING_CATALOGS = YES;
				MTL_ENABLE_DEBUG_INFO = INCLUDE_SOURCE;
				MTL_FAST_MATH = YES;
				ONLY_ACTIVE_ARCH = YES;
				SDKROOT = iphoneos;
				SWIFT_ACTIVE_COMPILATION_CONDITIONS = "DEBUG $(inherited)";
				SWIFT_OPTIMIZATION_LEVEL = "-Onone";
			};
			name = Debug;
		};
		61739A4A2E10D7B50002A651 /* Release */ = {
			isa = XCBuildConfiguration;
			baseConfigurationReferenceAnchor = 61739B272E10EB8A0002A651 /* stepTask */;
			baseConfigurationReferenceRelativePath = Config/Release.xcconfig;
			buildSettings = {
				ALWAYS_SEARCH_USER_PATHS = NO;
				ASSETCATALOG_COMPILER_GENERATE_SWIFT_ASSET_SYMBOL_EXTENSIONS = YES;
				CLANG_ANALYZER_NONNULL = YES;
				CLANG_ANALYZER_NUMBER_OBJECT_CONVERSION = YES_AGGRESSIVE;
				CLANG_CXX_LANGUAGE_STANDARD = "gnu++20";
				CLANG_ENABLE_MODULES = YES;
				CLANG_ENABLE_OBJC_ARC = YES;
				CLANG_ENABLE_OBJC_WEAK = YES;
				CLANG_WARN_BLOCK_CAPTURE_AUTORELEASING = YES;
				CLANG_WARN_BOOL_CONVERSION = YES;
				CLANG_WARN_COMMA = YES;
				CLANG_WARN_CONSTANT_CONVERSION = YES;
				CLANG_WARN_DEPRECATED_OBJC_IMPLEMENTATIONS = YES;
				CLANG_WARN_DIRECT_OBJC_ISA_USAGE = YES_ERROR;
				CLANG_WARN_DOCUMENTATION_COMMENTS = YES;
				CLANG_WARN_EMPTY_BODY = YES;
				CLANG_WARN_ENUM_CONVERSION = YES;
				CLANG_WARN_INFINITE_RECURSION = YES;
				CLANG_WARN_INT_CONVERSION = YES;
				CLANG_WARN_NON_LITERAL_NULL_CONVERSION = YES;
				CLANG_WARN_OBJC_IMPLICIT_RETAIN_SELF = YES;
				CLANG_WARN_OBJC_LITERAL_CONVERSION = YES;
				CLANG_WARN_OBJC_ROOT_CLASS = YES_ERROR;
				CLANG_WARN_QUOTED_INCLUDE_IN_FRAMEWORK_HEADER = YES;
				CLANG_WARN_RANGE_LOOP_ANALYSIS = YES;
				CLANG_WARN_STRICT_PROTOTYPES = YES;
				CLANG_WARN_SUSPICIOUS_MOVE = YES;
				CLANG_WARN_UNGUARDED_AVAILABILITY = YES_AGGRESSIVE;
				CLANG_WARN_UNREACHABLE_CODE = YES;
				CLANG_WARN__DUPLICATE_METHOD_MATCH = YES;
				COPY_PHASE_STRIP = NO;
				DEBUG_INFORMATION_FORMAT = "dwarf-with-dsym";
				DEVELOPMENT_TEAM = 4YZQY4C47E;
				ENABLE_NS_ASSERTIONS = NO;
				ENABLE_STRICT_OBJC_MSGSEND = YES;
				ENABLE_USER_SCRIPT_SANDBOXING = YES;
				GCC_C_LANGUAGE_STANDARD = gnu17;
				GCC_NO_COMMON_BLOCKS = YES;
				GCC_WARN_64_TO_32_BIT_CONVERSION = YES;
				GCC_WARN_ABOUT_RETURN_TYPE = YES_ERROR;
				GCC_WARN_UNDECLARED_SELECTOR = YES;
				GCC_WARN_UNINITIALIZED_AUTOS = YES_AGGRESSIVE;
				GCC_WARN_UNUSED_FUNCTION = YES;
				GCC_WARN_UNUSED_VARIABLE = YES;
				IPHONEOS_DEPLOYMENT_TARGET = 18.4;
				LOCALIZATION_PREFERS_STRING_CATALOGS = YES;
				MTL_ENABLE_DEBUG_INFO = NO;
				MTL_FAST_MATH = YES;
				SDKROOT = iphoneos;
				SWIFT_COMPILATION_MODE = wholemodule;
				VALIDATE_PRODUCT = YES;
			};
			name = Release;
		};
		61739A4C2E10D7B50002A651 /* Debug */ = {
			isa = XCBuildConfiguration;
			baseConfigurationReferenceAnchor = 61739B272E10EB8A0002A651 /* stepTask */;
			baseConfigurationReferenceRelativePath = Config/Debug.xcconfig;
			buildSettings = {
				ASSETCATALOG_COMPILER_APPICON_NAME = AppIcon;
				ASSETCATALOG_COMPILER_GLOBAL_ACCENT_COLOR_NAME = AccentColor;
				CODE_SIGN_STYLE = Automatic;
				CURRENT_PROJECT_VERSION = 2;
				DEVELOPMENT_TEAM = 4YZQY4C47E;
				ENABLE_PREVIEWS = YES;
				ENABLE_USER_SCRIPT_SANDBOXING = NO;
				GENERATE_INFOPLIST_FILE = YES;
				INFOPLIST_FILE = "stepTask/TaskSteps-Info.plist";
				INFOPLIST_KEY_CFBundleDisplayName = "Task Steps";
				INFOPLIST_KEY_GADApplicationIdentifier = "ca-app-pub-3940256099942544~1458002511";
				INFOPLIST_KEY_LSApplicationCategoryType = "public.app-category.business";
				INFOPLIST_KEY_UIApplicationSceneManifest_Generation = YES;
				INFOPLIST_KEY_UIApplicationSupportsIndirectInputEvents = YES;
				INFOPLIST_KEY_UILaunchScreen_Generation = YES;
				INFOPLIST_KEY_UISupportedInterfaceOrientations_iPad = "UIInterfaceOrientationPortrait UIInterfaceOrientationPortraitUpsideDown UIInterfaceOrientationLandscapeLeft UIInterfaceOrientationLandscapeRight";
				INFOPLIST_KEY_UISupportedInterfaceOrientations_iPhone = "UIInterfaceOrientationPortrait UIInterfaceOrientationLandscapeLeft UIInterfaceOrientationLandscapeRight";
				IPHONEOS_DEPLOYMENT_TARGET = 18.0;
				LD_RUNPATH_SEARCH_PATHS = (
					"$(inherited)",
					"@executable_path/Frameworks",
				);
				MARKETING_VERSION = 0.2.1;
				PRODUCT_BUNDLE_IDENTIFIER = com.entaku.stepTask;
				PRODUCT_NAME = "$(TARGET_NAME)";
				SWIFT_EMIT_LOC_STRINGS = YES;
				SWIFT_VERSION = 5.0;
				TARGETED_DEVICE_FAMILY = "1,2";
			};
			name = Debug;
		};
		61739A4D2E10D7B50002A651 /* Release */ = {
			isa = XCBuildConfiguration;
			baseConfigurationReferenceAnchor = 61739B272E10EB8A0002A651 /* stepTask */;
			baseConfigurationReferenceRelativePath = Config/Release.xcconfig;
			buildSettings = {
				ASSETCATALOG_COMPILER_APPICON_NAME = AppIcon;
				ASSETCATALOG_COMPILER_GLOBAL_ACCENT_COLOR_NAME = AccentColor;
				CODE_SIGN_STYLE = Automatic;
				CURRENT_PROJECT_VERSION = 1;
				DEVELOPMENT_TEAM = 4YZQY4C47E;
				ENABLE_PREVIEWS = YES;
				ENABLE_USER_SCRIPT_SANDBOXING = NO;
				GENERATE_INFOPLIST_FILE = YES;
				INFOPLIST_FILE = "stepTask/TaskSteps-Info.plist";
				INFOPLIST_KEY_CFBundleDisplayName = "Task Steps";
				INFOPLIST_KEY_GADApplicationIdentifier = "ca-app-pub-3940256099942544~1458002511";
				INFOPLIST_KEY_LSApplicationCategoryType = "public.app-category.business";
				INFOPLIST_KEY_UIApplicationSceneManifest_Generation = YES;
				INFOPLIST_KEY_UIApplicationSupportsIndirectInputEvents = YES;
				INFOPLIST_KEY_UILaunchScreen_Generation = YES;
				INFOPLIST_KEY_UISupportedInterfaceOrientations_iPad = "UIInterfaceOrientationPortrait UIInterfaceOrientationPortraitUpsideDown UIInterfaceOrientationLandscapeLeft UIInterfaceOrientationLandscapeRight";
				INFOPLIST_KEY_UISupportedInterfaceOrientations_iPhone = "UIInterfaceOrientationPortrait UIInterfaceOrientationLandscapeLeft UIInterfaceOrientationLandscapeRight";
				IPHONEOS_DEPLOYMENT_TARGET = 18.0;
				LD_RUNPATH_SEARCH_PATHS = (
					"$(inherited)",
					"@executable_path/Frameworks",
				);
				MARKETING_VERSION = 0.2.1;
				PRODUCT_BUNDLE_IDENTIFIER = com.entaku.stepTask;
				PRODUCT_NAME = "$(TARGET_NAME)";
				SWIFT_EMIT_LOC_STRINGS = YES;
				SWIFT_VERSION = 5.0;
				TARGETED_DEVICE_FAMILY = "1,2";
			};
			name = Release;
		};
		61739A4F2E10D7B50002A651 /* Debug */ = {
			isa = XCBuildConfiguration;
			baseConfigurationReferenceAnchor = 61739B272E10EB8A0002A651 /* stepTask */;
			baseConfigurationReferenceRelativePath = Config/Debug.xcconfig;
			buildSettings = {
				BUNDLE_LOADER = "$(TEST_HOST)";
				CODE_SIGN_STYLE = Automatic;
				CURRENT_PROJECT_VERSION = 1;
				DEVELOPMENT_TEAM = 4YZQY4C47E;
				GENERATE_INFOPLIST_FILE = YES;
				IPHONEOS_DEPLOYMENT_TARGET = 18.4;
				MARKETING_VERSION = 1.0;
				PRODUCT_BUNDLE_IDENTIFIER = com.entaku.stepbystepTests;
				PRODUCT_NAME = "$(TARGET_NAME)";
				SWIFT_EMIT_LOC_STRINGS = NO;
				SWIFT_VERSION = 5.0;
				TARGETED_DEVICE_FAMILY = "1,2";
				TEST_HOST = "$(BUILT_PRODUCTS_DIR)/TaskSteps.app/$(BUNDLE_EXECUTABLE_FOLDER_PATH)/TaskSteps";
			};
			name = Debug;
		};
		61739A502E10D7B50002A651 /* Release */ = {
			isa = XCBuildConfiguration;
			baseConfigurationReferenceAnchor = 61739B272E10EB8A0002A651 /* stepTask */;
			baseConfigurationReferenceRelativePath = Config/Release.xcconfig;
			buildSettings = {
				BUNDLE_LOADER = "$(TEST_HOST)";
				CODE_SIGN_STYLE = Automatic;
				CURRENT_PROJECT_VERSION = 1;
				DEVELOPMENT_TEAM = 4YZQY4C47E;
				GENERATE_INFOPLIST_FILE = YES;
				IPHONEOS_DEPLOYMENT_TARGET = 18.4;
				MARKETING_VERSION = 1.0;
				PRODUCT_BUNDLE_IDENTIFIER = com.entaku.stepbystepTests;
				PRODUCT_NAME = "$(TARGET_NAME)";
				SWIFT_EMIT_LOC_STRINGS = NO;
				SWIFT_VERSION = 5.0;
				TARGETED_DEVICE_FAMILY = "1,2";
				TEST_HOST = "$(BUILT_PRODUCTS_DIR)/TaskSteps.app/$(BUNDLE_EXECUTABLE_FOLDER_PATH)/TaskSteps";
			};
			name = Release;
		};
/* End XCBuildConfiguration section */

/* Begin XCConfigurationList section */
		6158240B2E5DFB770065B8BE /* Build configuration list for PBXNativeTarget "TaskStepsUITests" */ = {
			isa = XCConfigurationList;
			buildConfigurations = (
				6158240C2E5DFB770065B8BE /* Debug */,
				6158240D2E5DFB770065B8BE /* Release */,
			);
			defaultConfigurationIsVisible = 0;
			defaultConfigurationName = Release;
		};
		61739A252E10D7B30002A651 /* Build configuration list for PBXProject "TaskSteps" */ = {
			isa = XCConfigurationList;
			buildConfigurations = (
				61739A492E10D7B50002A651 /* Debug */,
				61739A4A2E10D7B50002A651 /* Release */,
			);
			defaultConfigurationIsVisible = 0;
			defaultConfigurationName = Release;
		};
		61739A4B2E10D7B50002A651 /* Build configuration list for PBXNativeTarget "TaskSteps" */ = {
			isa = XCConfigurationList;
			buildConfigurations = (
				61739A4C2E10D7B50002A651 /* Debug */,
				61739A4D2E10D7B50002A651 /* Release */,
			);
			defaultConfigurationIsVisible = 0;
			defaultConfigurationName = Release;
		};
		61739A4E2E10D7B50002A651 /* Build configuration list for PBXNativeTarget "TaskStepsTests" */ = {
			isa = XCConfigurationList;
			buildConfigurations = (
				61739A4F2E10D7B50002A651 /* Debug */,
				61739A502E10D7B50002A651 /* Release */,
			);
			defaultConfigurationIsVisible = 0;
			defaultConfigurationName = Release;
		};
/* End XCConfigurationList section */

/* Begin XCRemoteSwiftPackageReference section */
		61701A5B2E350B63004A411A /* XCRemoteSwiftPackageReference "purchases-ios" */ = {
			isa = XCRemoteSwiftPackageReference;
			repositoryURL = "https://github.com/RevenueCat/purchases-ios.git";
			requirement = {
				kind = upToNextMajorVersion;
				minimumVersion = 5.33.1;
			};
		};
		61739BB72E10F4790002A651 /* XCRemoteSwiftPackageReference "swift-composable-architecture" */ = {
			isa = XCRemoteSwiftPackageReference;
			repositoryURL = "https://github.com/pointfreeco/swift-composable-architecture.git";
			requirement = {
				kind = upToNextMajorVersion;
				minimumVersion = 1.20.2;
			};
		};
		61739BBA2E10F5BB0002A651 /* XCRemoteSwiftPackageReference "firebase-ios-sdk" */ = {
			isa = XCRemoteSwiftPackageReference;
			repositoryURL = "https://github.com/firebase/firebase-ios-sdk";
			requirement = {
				kind = upToNextMajorVersion;
				minimumVersion = 11.15.0;
			};
		};
		618E59D42E24008C00219804 /* XCRemoteSwiftPackageReference "swift-package-manager-google-mobile-ads" */ = {
			isa = XCRemoteSwiftPackageReference;
			repositoryURL = "https://github.com/googleads/swift-package-manager-google-mobile-ads.git";
			requirement = {
				kind = upToNextMajorVersion;
				minimumVersion = 12.7.0;
			};
		};
/* End XCRemoteSwiftPackageReference section */

/* Begin XCSwiftPackageProductDependency section */
		61701A5C2E350B63004A411A /* RevenueCat */ = {
			isa = XCSwiftPackageProductDependency;
			package = 61701A5B2E350B63004A411A /* XCRemoteSwiftPackageReference "purchases-ios" */;
			productName = RevenueCat;
		};
		61739BB82E10F4790002A651 /* ComposableArchitecture */ = {
			isa = XCSwiftPackageProductDependency;
			package = 61739BB72E10F4790002A651 /* XCRemoteSwiftPackageReference "swift-composable-architecture" */;
			productName = ComposableArchitecture;
		};
		61739BBB2E10F5BB0002A651 /* FirebaseAnalytics */ = {
			isa = XCSwiftPackageProductDependency;
			package = 61739BBA2E10F5BB0002A651 /* XCRemoteSwiftPackageReference "firebase-ios-sdk" */;
			productName = FirebaseAnalytics;
		};
		618E59D52E24008C00219804 /* GoogleMobileAds */ = {
			isa = XCSwiftPackageProductDependency;
			package = 618E59D42E24008C00219804 /* XCRemoteSwiftPackageReference "swift-package-manager-google-mobile-ads" */;
			productName = GoogleMobileAds;
		};
/* End XCSwiftPackageProductDependency section */
	};
	rootObject = 61739A222E10D7B30002A651 /* Project object */;
}
